[[package]]
category = "main"
description = "Abseil Python Common Libraries, see https://github.com/abseil/abseil-py."
name = "absl-py"
optional = false
python-versions = "*"
version = "0.9.0"

[package.dependencies]
six = "*"

[[package]]
category = "main"
description = "Extensible memoizing collections and decorators"
name = "cachetools"
optional = false
python-versions = "~=3.5"
version = "4.1.0"

[[package]]
category = "main"
description = "Python package for providing Mozilla's CA Bundle."
name = "certifi"
optional = false
python-versions = "*"
version = "2020.4.5.1"

[[package]]
category = "main"
description = "Universal encoding detector for Python 2 and 3"
name = "chardet"
optional = false
python-versions = "*"
version = "3.0.4"

[[package]]
category = "main"
description = "Composable command line interface toolkit"
name = "click"
optional = false
python-versions = ">=2.7, !=3.0.*, !=3.1.*, !=3.2.*, !=3.3.*, !=3.4.*"
version = "7.1.2"

[[package]]
category = "main"
description = "The Cython compiler for writing C extensions for the Python language."
name = "cython"
optional = false
python-versions = ">=2.6, !=3.0.*, !=3.1.*, !=3.2.*"
version = "0.29.17"

[[package]]
category = "main"
description = "Python binding of Darts Clone"
name = "dartsclone"
optional = false
python-versions = "*"
version = "0.9.0"

[package.dependencies]
Cython = "*"

[[package]]
category = "main"
description = "Google Authentication Library"
name = "google-auth"
optional = false
python-versions = ">=2.7,!=3.0.*,!=3.1.*,!=3.2.*,!=3.3.*"
version = "1.14.1"

[package.dependencies]
cachetools = ">=2.0.0,<5.0"
pyasn1-modules = ">=0.2.1"
rsa = ">=3.1.4,<4.1"
setuptools = ">=40.3.0"
six = ">=1.9.0"

[[package]]
category = "main"
description = "Google Authentication Library"
name = "google-auth-oauthlib"
optional = false
python-versions = "*"
version = "0.4.1"

[package.dependencies]
google-auth = "*"
requests-oauthlib = ">=0.7.0"

[package.extras]
tool = ["click"]

[[package]]
category = "main"
description = "HTTP/2-based RPC framework"
name = "grpcio"
optional = false
python-versions = "*"
version = "1.28.1"

[package.dependencies]
six = ">=1.5.2"

[[package]]
category = "main"
description = "Internationalized Domain Names in Applications (IDNA)"
name = "idna"
optional = false
python-versions = ">=2.7, !=3.0.*, !=3.1.*, !=3.2.*, !=3.3.*"
version = "2.9"

[[package]]
category = "main"
description = "Python implementation of Markdown."
name = "markdown"
optional = false
python-versions = ">=3.5"
version = "3.2.1"

[package.dependencies]
setuptools = ">=36"

[package.extras]
testing = ["coverage", "pyyaml"]

[[package]]
category = "main"
description = "NumPy is the fundamental package for array computing with Python."
name = "numpy"
optional = false
python-versions = ">=3.5"
version = "1.18.3"

[[package]]
category = "main"
description = "A generic, spec-compliant, thorough implementation of the OAuth request-signing logic"
name = "oauthlib"
optional = false
python-versions = ">=2.7, !=3.0.*, !=3.1.*, !=3.2.*, !=3.3.*"
version = "3.1.0"

[package.extras]
rsa = ["cryptography"]
signals = ["blinker"]
signedtoken = ["cryptography", "pyjwt (>=1.0.0)"]

[[package]]
category = "main"
description = "Protocol Buffers"
name = "protobuf"
optional = false
python-versions = "*"
version = "3.11.3"

[package.dependencies]
setuptools = "*"
six = ">=1.9"

[[package]]
category = "main"
description = "ASN.1 types and codecs"
name = "pyasn1"
optional = false
python-versions = "*"
version = "0.4.8"

[[package]]
category = "main"
description = "A collection of ASN.1-based protocols modules."
name = "pyasn1-modules"
optional = false
python-versions = "*"
version = "0.2.8"

[package.dependencies]
pyasn1 = ">=0.4.6,<0.5.0"

[[package]]
category = "main"
description = "A lightweight library to help with training neural networks in PyTorch."
name = "pytorch-ignite"
optional = false
python-versions = "*"
version = "0.3.0"

[package.dependencies]
torch = "*"

[[package]]
category = "main"
description = "Python HTTP for Humans."
name = "requests"
optional = false
python-versions = ">=2.7, !=3.0.*, !=3.1.*, !=3.2.*, !=3.3.*, !=3.4.*"
version = "2.23.0"

[package.dependencies]
certifi = ">=2017.4.17"
chardet = ">=3.0.2,<4"
idna = ">=2.5,<3"
urllib3 = ">=1.21.1,<1.25.0 || >1.25.0,<1.25.1 || >1.25.1,<1.26"

[package.extras]
security = ["pyOpenSSL (>=0.14)", "cryptography (>=1.3.4)"]
socks = ["PySocks (>=1.5.6,<1.5.7 || >1.5.7)", "win-inet-pton"]

[[package]]
category = "main"
description = "OAuthlib authentication support for Requests."
name = "requests-oauthlib"
optional = false
python-versions = ">=2.7, !=3.0.*, !=3.1.*, !=3.2.*, !=3.3.*"
version = "1.3.0"

[package.dependencies]
oauthlib = ">=3.0.0"
requests = ">=2.0.0"

[package.extras]
rsa = ["oauthlib (>=3.0.0)"]

[[package]]
category = "main"
description = "Pure-Python RSA implementation"
name = "rsa"
optional = false
python-versions = "*"
version = "4.0"

[package.dependencies]
pyasn1 = ">=0.1.3"

[[package]]
category = "main"
description = "SentencePiece python wrapper"
name = "sentencepiece"
optional = false
python-versions = "*"
version = "0.1.86"

[[package]]
category = "main"
description = "Python 2 and 3 compatibility utilities"
name = "six"
optional = false
python-versions = ">=2.7, !=3.0.*, !=3.1.*, !=3.2.*"
version = "1.14.0"

[[package]]
category = "main"
description = "Sorted Containers -- Sorted List, Sorted Dict, Sorted Set"
name = "sortedcontainers"
optional = false
python-versions = "*"
version = "2.1.0"

[[package]]
category = "main"
description = "A lexicon for Sudachi, the Japanese Morphological Analyzer"
name = "SudachiDict_core"
optional = false
python-versions = "*"
version = "20200330"

[package.dependencies]
SudachiPy = ">=0.2.1"

[package.source]
reference = ""
type = "url"
url = "https://object-storage.tyo2.conoha.io/v1/nc_2520839e1f9641b08211a5c85243124a/sudachi/SudachiDict_core-20200330.tar.gz"

[[package]]
category = "main"
description = "Python version of Sudachi, the Japanese Morphological Analyzer"
name = "sudachipy"
optional = false
python-versions = "*"
version = "0.4.4"

[package.dependencies]
dartsclone = ">=0.9.0,<0.10.0"
sortedcontainers = ">=2.1.0,<2.2.0"

[[package]]
category = "main"
description = "TensorBoard lets you watch Tensors Flow"
name = "tensorboard"
optional = false
python-versions = ">= 2.7, != 3.0.*, != 3.1.*"
version = "2.2.1"

[package.dependencies]
absl-py = ">=0.4"
google-auth = ">=1.6.3,<2"
google-auth-oauthlib = ">=0.4.1,<0.5"
grpcio = ">=1.24.3"
markdown = ">=2.6.8"
numpy = ">=1.12.0"
protobuf = ">=3.6.0"
requests = ">=2.21.0,<3"
setuptools = ">=41.0.0"
six = ">=1.10.0"
tensorboard-plugin-wit = ">=1.6.0"
werkzeug = ">=0.11.15"

[package.dependencies.wheel]
python = ">=3"
version = ">=0.26"

[[package]]
category = "main"
description = "What-If Tool TensorBoard plugin."
name = "tensorboard-plugin-wit"
optional = false
python-versions = "*"
version = "1.6.0.post3"

[[package]]
category = "main"
description = "Tensors and Dynamic neural networks in Python with strong GPU acceleration"
name = "torch"
optional = false
python-versions = ">=2.7, !=3.0.*, !=3.1.*, !=3.2.*, !=3.3.*, !=3.4.*"
version = "1.4.0"

[[package]]
category = "main"
description = "HTTP library with thread-safe connection pooling, file post, and more."
name = "urllib3"
optional = false
python-versions = ">=2.7, !=3.0.*, !=3.1.*, !=3.2.*, !=3.3.*, !=3.4.*, <4"
version = "1.25.9"

[package.extras]
brotli = ["brotlipy (>=0.6.0)"]
secure = ["certifi", "cryptography (>=1.3.4)", "idna (>=2.0.0)", "pyOpenSSL (>=0.14)", "ipaddress"]
socks = ["PySocks (>=1.5.6,<1.5.7 || >1.5.7,<2.0)"]

[[package]]
category = "main"
description = "The comprehensive WSGI web application library."
name = "werkzeug"
optional = false
python-versions = ">=2.7, !=3.0.*, !=3.1.*, !=3.2.*, !=3.3.*, !=3.4.*"
version = "1.0.1"

[package.extras]
dev = ["pytest", "pytest-timeout", "coverage", "tox", "sphinx", "pallets-sphinx-themes", "sphinx-issues"]
watchdog = ["watchdog"]

[[package]]
category = "main"
description = "A built-package format for Python"
marker = "python_version >= \"3\""
name = "wheel"
optional = false
python-versions = ">=2.7, !=3.0.*, !=3.1.*, !=3.2.*, !=3.3.*, !=3.4.*"
version = "0.34.2"

[package.extras]
test = ["pytest (>=3.0.0)", "pytest-cov"]

[metadata]
content-hash = "2228be55e0004d7eab690a25407210a06fb1b4ed6eb38739090d6de3477f992f"
python-versions = "^3.8"

[metadata.files]
absl-py = [
    {file = "absl-py-0.9.0.tar.gz", hash = "sha256:75e737d6ce7723d9ff9b7aa1ba3233c34be62ef18d5859e706b8fdc828989830"},
]
cachetools = [
    {file = "cachetools-4.1.0-py3-none-any.whl", hash = "sha256:de5d88f87781602201cde465d3afe837546663b168e8b39df67411b0bf10cefc"},
    {file = "cachetools-4.1.0.tar.gz", hash = "sha256:1d057645db16ca7fe1f3bd953558897603d6f0b9c51ed9d11eb4d071ec4e2aab"},
]
certifi = [
    {file = "certifi-2020.4.5.1-py2.py3-none-any.whl", hash = "sha256:1d987a998c75633c40847cc966fcf5904906c920a7f17ef374f5aa4282abd304"},
    {file = "certifi-2020.4.5.1.tar.gz", hash = "sha256:51fcb31174be6e6664c5f69e3e1691a2d72a1a12e90f872cbdb1567eb47b6519"},
]
chardet = [
    {file = "chardet-3.0.4-py2.py3-none-any.whl", hash = "sha256:fc323ffcaeaed0e0a02bf4d117757b98aed530d9ed4531e3e15460124c106691"},
    {file = "chardet-3.0.4.tar.gz", hash = "sha256:84ab92ed1c4d4f16916e05906b6b75a6c0fb5db821cc65e70cbd64a3e2a5eaae"},
]
click = [
    {file = "click-7.1.2-py2.py3-none-any.whl", hash = "sha256:dacca89f4bfadd5de3d7489b7c8a566eee0d3676333fbb50030263894c38c0dc"},
    {file = "click-7.1.2.tar.gz", hash = "sha256:d2b5255c7c6349bc1bd1e59e08cd12acbbd63ce649f2588755783aa94dfb6b1a"},
]
cython = [
    {file = "Cython-0.29.17-cp27-cp27m-macosx_10_9_x86_64.whl", hash = "sha256:8ef49cafea89d99ffc2cf37af2f0f2b7d219080574f14a422f701bcaa85c7167"},
    {file = "Cython-0.29.17-cp27-cp27m-manylinux1_i686.whl", hash = "sha256:4f35752adfd4855d39e38bf08eb6d02f7aa88b1bb420ab86e6d2e37ccd7c88c2"},
    {file = "Cython-0.29.17-cp27-cp27m-manylinux1_x86_64.whl", hash = "sha256:00faa77500ca2f865fd7f3126f86e77de3ec0d855dd6cf92fc85b57ebed11655"},
    {file = "Cython-0.29.17-cp27-cp27m-win32.whl", hash = "sha256:fce2e7f500b1456f96d5b8ceefba243cae7018ad8b3f791e62c20a0f0fbba71c"},
    {file = "Cython-0.29.17-cp27-cp27m-win_amd64.whl", hash = "sha256:b19a1aa98192d44d7254613a1f9c382ef381deb79289f2ff446d1447d19085aa"},
    {file = "Cython-0.29.17-cp27-cp27mu-manylinux1_i686.whl", hash = "sha256:785d6e88a3bb10ce6425d23f0a740a21b0bfc9e8d371fea7edba0eaa0ec57d96"},
    {file = "Cython-0.29.17-cp27-cp27mu-manylinux1_x86_64.whl", hash = "sha256:ea75bbc076d4a5605d04c72c8c7a933f51473b0bcecd79295256b9ecd75cca49"},
    {file = "Cython-0.29.17-cp34-cp34m-manylinux1_i686.whl", hash = "sha256:5c501742a92cbcef8f3c21d1dcba9c073b37f1218af3586957901730ac6b6665"},
    {file = "Cython-0.29.17-cp34-cp34m-manylinux1_x86_64.whl", hash = "sha256:179ad5569dc101e3e0d9d04305f9a5e03fbf8acf9d93fb543340f8c1a8fb054b"},
    {file = "Cython-0.29.17-cp34-cp34m-win32.whl", hash = "sha256:c78fd0bdf5915f4df730298e6cc7197e4c6aa5285d7c37491366a38125b3e0ab"},
    {file = "Cython-0.29.17-cp34-cp34m-win_amd64.whl", hash = "sha256:4e8d351ee840a4e491f8f0a64da19923ada0ce09d2d818bce0ae6ce1b6837aeb"},
    {file = "Cython-0.29.17-cp35-cp35m-macosx_10_6_intel.whl", hash = "sha256:c56f658ab6f387619a3668cd78cf2d3459324d9ea3cb39cce4d72ef5bce8f318"},
    {file = "Cython-0.29.17-cp35-cp35m-manylinux1_i686.whl", hash = "sha256:a5ebd8fe5a3d97924bd89d449914d1c5b6d084f4b124a4eb28e4412d09fb0f20"},
    {file = "Cython-0.29.17-cp35-cp35m-manylinux1_x86_64.whl", hash = "sha256:7cec6bd82fd92f85790908fdc7a43a8a5442606e6d771d5b32a1ab8a39ad1a65"},
    {file = "Cython-0.29.17-cp35-cp35m-win32.whl", hash = "sha256:96d18413a33aa5ce51a5554615ba01e3fdb26126d8678459330d052f0bdf60ec"},
    {file = "Cython-0.29.17-cp35-cp35m-win_amd64.whl", hash = "sha256:86ae455b1dd7041b4b8a15499fe72f3d3f990f78a794deb799ee2ef7db389ca0"},
    {file = "Cython-0.29.17-cp36-cp36m-macosx_10_9_x86_64.whl", hash = "sha256:b6f7d2cf2f6b246fd04696d6d346489628f94f72a4988682ea0591b632370a1f"},
    {file = "Cython-0.29.17-cp36-cp36m-manylinux1_i686.whl", hash = "sha256:7d597733ad0e7fc545df39100ee3b24290ce35586466dee4fa6018d4b8815d72"},
    {file = "Cython-0.29.17-cp36-cp36m-manylinux1_x86_64.whl", hash = "sha256:3950ae725472ae47bfb41c6bfdb3869a8ac27b5f30405f599a51398512afa224"},
    {file = "Cython-0.29.17-cp36-cp36m-win32.whl", hash = "sha256:809896928abce18e7c91a28b2705473ca4f15b9a53f433495845a882e15c09d8"},
    {file = "Cython-0.29.17-cp36-cp36m-win_amd64.whl", hash = "sha256:14e218a93d4f2e43e0063a5a0f7f26fe1783d5d20700216c5c4ff092c4553488"},
    {file = "Cython-0.29.17-cp37-cp37m-macosx_10_9_x86_64.whl", hash = "sha256:f7b20838f2534ad0d231c4c6e09acbdd40fb995a9671bb05839f7879093ec5e3"},
    {file = "Cython-0.29.17-cp37-cp37m-manylinux1_i686.whl", hash = "sha256:719eddf050a1c8b0abbd74b0c388523cf618c3d9fe3bf20a350f4eafa43776e6"},
    {file = "Cython-0.29.17-cp37-cp37m-manylinux1_x86_64.whl", hash = "sha256:2a98c9f852b266f0b9a147da4b6699cf6da24b817375f74d51986312373689ab"},
    {file = "Cython-0.29.17-cp37-cp37m-win32.whl", hash = "sha256:4dbb58f963f6283b31b4ddac44e4f684527b06923efdec72ecb54e70ee91c766"},
    {file = "Cython-0.29.17-cp37-cp37m-win_amd64.whl", hash = "sha256:788192badd3b1ebb1a72a5c6cc2a07b692ca4c1c1fe4431fdd3c0e439e2c0a6d"},
    {file = "Cython-0.29.17-cp38-cp38-macosx_10_9_x86_64.whl", hash = "sha256:e146b4b4ed4937a40e9e5c27b264adfce4ae4b7640d46eeffd3eef123b0170a2"},
    {file = "Cython-0.29.17-cp38-cp38-manylinux1_i686.whl", hash = "sha256:dcfee6312cf8f4f4839bae22f323a0e885c4237e2187202ab12def8a5460ca4c"},
    {file = "Cython-0.29.17-cp38-cp38-manylinux1_x86_64.whl", hash = "sha256:c68f3015cbb0f5bc402829bad0a6b907889413f2e28cc0873dc1443de0f1a808"},
    {file = "Cython-0.29.17-cp38-cp38-win32.whl", hash = "sha256:7c8ac5bc9726ccb1a1cce1af4ceb7589228db6c57ada3bfcd461075abe3a6a7b"},
    {file = "Cython-0.29.17-cp38-cp38-win_amd64.whl", hash = "sha256:8135cc7de72805833a118e7c8a255daddd35875d17ea21f6c356200b0fa4b732"},
    {file = "Cython-0.29.17-py2.py3-none-any.whl", hash = "sha256:20cdf3f918c46355128d7c7cb041872ba2863cc11313972c6e390bd3dad968ba"},
    {file = "Cython-0.29.17.tar.gz", hash = "sha256:6361588cb1d82875bcfbad83d7dd66c442099759f895cf547995f00601f9caf2"},
]
dartsclone = [
    {file = "dartsclone-0.9.0-cp36-cp36m-macosx_10_13_x86_64.whl", hash = "sha256:9d7776a98a29a09f27605b2a38776c098f967065449fabc07b8417bee2ac2695"},
    {file = "dartsclone-0.9.0-cp36-cp36m-manylinux1_i686.whl", hash = "sha256:31526b6be82f2b6dd972802483298c964735044ced874d86a41aaa2767946b05"},
    {file = "dartsclone-0.9.0-cp36-cp36m-manylinux1_x86_64.whl", hash = "sha256:86773da42e67bc88429c5dbfb1bbd730ada89705cd19a22818dbda07022acdc3"},
    {file = "dartsclone-0.9.0-cp36-cp36m-win32.whl", hash = "sha256:fbd6bedaa48d6e2a55bf3c3e2d7e237dc16011c94e095378be4cf38a2d2be6f3"},
    {file = "dartsclone-0.9.0-cp36-cp36m-win_amd64.whl", hash = "sha256:d82d9291f76bf6d884e1856220bf4eb5e2782b442e9862c5eb46cd7a5e78b0d1"},
    {file = "dartsclone-0.9.0-cp37-cp37m-macosx_10_13_x86_64.whl", hash = "sha256:57e94d298109fbeacfbec3ea39cb5be02c1e662d9a026f6bbe629725f4bcf714"},
    {file = "dartsclone-0.9.0-cp37-cp37m-manylinux1_i686.whl", hash = "sha256:ac706d78f83e0ab9281b56136e2c90179b68e444cde48ebe74ddb3462d608499"},
    {file = "dartsclone-0.9.0-cp37-cp37m-manylinux1_x86_64.whl", hash = "sha256:dc23a841448f6382903cf893c99b54713a4ddc362f8af39d62e8b2b8eac94377"},
    {file = "dartsclone-0.9.0-cp37-cp37m-win32.whl", hash = "sha256:5771e089b564fd79edc2f3a21b03474bf4f115a8251d1b185c70110b334cf33b"},
    {file = "dartsclone-0.9.0-cp37-cp37m-win_amd64.whl", hash = "sha256:9ec3051f2d3a94ba0d8edf3798bc14fd905b7dff6dbdc982f32ceba18a767bc4"},
    {file = "dartsclone-0.9.0-cp38-cp38-macosx_10_13_x86_64.whl", hash = "sha256:b967698e94ce991a12ab8e98d02968beeec2bb739de24ffc6a273284abcf83c9"},
    {file = "dartsclone-0.9.0-cp38-cp38-manylinux1_i686.whl", hash = "sha256:eb353030aa25355ccc3bf3b98c97b3ef06263fe5050cb92a62bf50aba2472884"},
    {file = "dartsclone-0.9.0-cp38-cp38-manylinux1_x86_64.whl", hash = "sha256:ee0b39c73cac7c3b25b40c178ee239c53c3ebebac57551535a1d534c1d55fa0b"},
    {file = "dartsclone-0.9.0-cp38-cp38-win32.whl", hash = "sha256:bc29f27e654253d29ed242422c45a6e0cc90d291165cd753ca0d34bdee15b180"},
    {file = "dartsclone-0.9.0-cp38-cp38-win_amd64.whl", hash = "sha256:b1e0cbca0e1865b6b5238580a015cf40077fea31548b0a98152bca8c46dea0e6"},
    {file = "dartsclone-0.9.0.tar.gz", hash = "sha256:311bc24cd13ef9a8c3632bb3e5986f97ca53cf28420501b2cc343859b0c8ce26"},
]
google-auth = [
    {file = "google-auth-1.14.1.tar.gz", hash = "sha256:e63b2210e03c4ed829063b72c4af0c4b867c2788efb3210b6b9439b488bd3afd"},
    {file = "google_auth-1.14.1-py2.py3-none-any.whl", hash = "sha256:0c41a453b9a8e77975bfa436b8daedac00aed1c545d84410daff8272fff40fbb"},
]
google-auth-oauthlib = [
    {file = "google-auth-oauthlib-0.4.1.tar.gz", hash = "sha256:88d2cd115e3391eb85e1243ac6902e76e77c5fe438b7276b297fbe68015458dd"},
    {file = "google_auth_oauthlib-0.4.1-py2.py3-none-any.whl", hash = "sha256:a92a0f6f41a0fb6138454fbc02674e64f89d82a244ea32f98471733c8ef0e0e1"},
]
grpcio = [
    {file = "grpcio-1.28.1-cp27-cp27m-macosx_10_9_x86_64.whl", hash = "sha256:085bbf7fd0070b8d65e84aa32979f17cfe624d27b5ce23955ef770c19d2d9623"},
    {file = "grpcio-1.28.1-cp27-cp27m-manylinux2010_i686.whl", hash = "sha256:f80d10bdf1a306f7063046321fd4efc7732a606acdd4e6259b8a37349079b704"},
    {file = "grpcio-1.28.1-cp27-cp27m-manylinux2010_x86_64.whl", hash = "sha256:e9439d7b801c86df13c6cbb4c5a7e181c058f3c119d5e119a94a5f3090a8f060"},
    {file = "grpcio-1.28.1-cp27-cp27m-win32.whl", hash = "sha256:271abbe28eb99fa5c70b3f272c0c66b67dab7bb11e1d29d8e616b4e0e099d29a"},
    {file = "grpcio-1.28.1-cp27-cp27m-win_amd64.whl", hash = "sha256:df749ee982ec35ab76d37a1e637b10a92b4573e2b4e1f86a5fa8a1273c40a850"},
    {file = "grpcio-1.28.1-cp27-cp27mu-linux_armv7l.whl", hash = "sha256:0ef6b380a588c2c6b29c6cfa0ba7f5d367beb33d5504bcc68658fa241ad498d2"},
    {file = "grpcio-1.28.1-cp27-cp27mu-manylinux2010_i686.whl", hash = "sha256:c6565cc92853af13237b2233f331efdad07339d27fe1f5f74256bfde7dc2f587"},
    {file = "grpcio-1.28.1-cp27-cp27mu-manylinux2010_x86_64.whl", hash = "sha256:97b5612fc5d4bbf0490a2d80bed5eab5b59112ef1640440c1a9ac824bafa6968"},
    {file = "grpcio-1.28.1-cp35-cp35m-linux_armv7l.whl", hash = "sha256:4bef0756b9e0df78e8d67a5b1e0e89b7daf41525d575f74e1f14a993c55b680d"},
    {file = "grpcio-1.28.1-cp35-cp35m-macosx_10_7_intel.whl", hash = "sha256:0c130204ff5de0b9f041bf3126db0d29369d69883592e4b0d3c19868ba0ced7e"},
    {file = "grpcio-1.28.1-cp35-cp35m-manylinux2010_i686.whl", hash = "sha256:70ff2df0c1795c5cf585a72d95bb458838b40bad5653c314b9067ba819e918f9"},
    {file = "grpcio-1.28.1-cp35-cp35m-manylinux2010_x86_64.whl", hash = "sha256:a35f8f4a0334ed8b05db90383aecef8e49923ab430689a4360a74052f3a89cf4"},
    {file = "grpcio-1.28.1-cp35-cp35m-win32.whl", hash = "sha256:f83b0c91796eb42865451a20e82246011078ba067ea0744f7301e12a94ae2e1b"},
    {file = "grpcio-1.28.1-cp35-cp35m-win_amd64.whl", hash = "sha256:c2e53eb253840f05278a8410628419ba7060815f86d48c9d83b6047de21c9956"},
    {file = "grpcio-1.28.1-cp36-cp36m-linux_armv7l.whl", hash = "sha256:16f5523dacae5aaeda4cf900da7e980747f663298c38c18eb4e5317704aa007a"},
    {file = "grpcio-1.28.1-cp36-cp36m-macosx_10_9_x86_64.whl", hash = "sha256:3c7864d5ae63b787001b01b376f6315aef1a015aa9c809535235ed0ead907919"},
    {file = "grpcio-1.28.1-cp36-cp36m-manylinux2010_i686.whl", hash = "sha256:c3645887db3309fc87c3db740b977d403fb265ebab292f1f6a926c4661231fd5"},
    {file = "grpcio-1.28.1-cp36-cp36m-manylinux2010_x86_64.whl", hash = "sha256:16e1edb367763ea08d0994d4635ec05f4f8db9db59c39304b061097e3b93df43"},
    {file = "grpcio-1.28.1-cp36-cp36m-win32.whl", hash = "sha256:5c2e81b6ab9768c43f2ca1c9a4c925823aad79ae95efb351007df4b92ebce592"},
    {file = "grpcio-1.28.1-cp36-cp36m-win_amd64.whl", hash = "sha256:245564713cb4ac7bccb0f11be63781beb62299a44d8ab69031c859dbd9461728"},
    {file = "grpcio-1.28.1-cp37-cp37m-macosx_10_9_x86_64.whl", hash = "sha256:f493ac4754717f25ace3614a51dd408a32b8bff3c9c0c85e9356e7e0a120a8c8"},
    {file = "grpcio-1.28.1-cp37-cp37m-manylinux2010_i686.whl", hash = "sha256:3366bd6412c1e73acb1ee27d7f0c7d7dbee118ad8d98c957c8173691b2effeec"},
    {file = "grpcio-1.28.1-cp37-cp37m-manylinux2010_x86_64.whl", hash = "sha256:4fe081862e58b8fbef0e479aefc9a64f8f17f53074df1085d8c1fe825a6e5df4"},
    {file = "grpcio-1.28.1-cp37-cp37m-win32.whl", hash = "sha256:3893b39a0a17d857dc3a42fdb02a26aa53a59bfce49987187bcc0261647f1f55"},
    {file = "grpcio-1.28.1-cp37-cp37m-win_amd64.whl", hash = "sha256:2e1b01cba26988c811c7fb91a0bca19c9afb776cc3d228993f08d324bdd0510a"},
    {file = "grpcio-1.28.1-cp38-cp38-macosx_10_9_x86_64.whl", hash = "sha256:181b5078cf568f37915b8a118afcef5fc9f3128c59c38998ed93e7dd793e3928"},
    {file = "grpcio-1.28.1-cp38-cp38-manylinux2010_i686.whl", hash = "sha256:aafe85a8210dfa1da3c46831b7f00c3735240b7b028eeba339eaea6ffdb593fb"},
    {file = "grpcio-1.28.1-cp38-cp38-manylinux2010_x86_64.whl", hash = "sha256:42c6716adf3ec1f608b2b56e885f26dd86e80d2fc1617f51fc92d1b0b649e28e"},
    {file = "grpcio-1.28.1-cp38-cp38-win32.whl", hash = "sha256:505a8d1b4ac571a51f10c4c995d5d4714f03c886604dc3c097ef5fd57bcfcf0b"},
    {file = "grpcio-1.28.1-cp38-cp38-win_amd64.whl", hash = "sha256:0ae207a47ec0ad66eb1f53a27d566674d13a236c62ced409891335318ea9b8c5"},
    {file = "grpcio-1.28.1.tar.gz", hash = "sha256:cbc322c5d5615e67c2a15be631f64e6c2bab8c12505bc7c150948abdaa0bdbac"},
]
idna = [
    {file = "idna-2.9-py2.py3-none-any.whl", hash = "sha256:a068a21ceac8a4d63dbfd964670474107f541babbd2250d61922f029858365fa"},
    {file = "idna-2.9.tar.gz", hash = "sha256:7588d1c14ae4c77d74036e8c22ff447b26d0fde8f007354fd48a7814db15b7cb"},
]
markdown = [
    {file = "Markdown-3.2.1-py2.py3-none-any.whl", hash = "sha256:e4795399163109457d4c5af2183fbe6b60326c17cfdf25ce6e7474c6624f725d"},
    {file = "Markdown-3.2.1.tar.gz", hash = "sha256:90fee683eeabe1a92e149f7ba74e5ccdc81cd397bd6c516d93a8da0ef90b6902"},
]
numpy = [
    {file = "numpy-1.18.3-cp35-cp35m-macosx_10_9_intel.whl", hash = "sha256:a6bc9432c2640b008d5f29bad737714eb3e14bb8854878eacf3d7955c4e91c36"},
    {file = "numpy-1.18.3-cp35-cp35m-manylinux1_i686.whl", hash = "sha256:48e15612a8357393d176638c8f68a19273676877caea983f8baf188bad430379"},
    {file = "numpy-1.18.3-cp35-cp35m-manylinux1_x86_64.whl", hash = "sha256:eb2286249ebfe8fcb5b425e5ec77e4736d53ee56d3ad296f8947f67150f495e3"},
    {file = "numpy-1.18.3-cp35-cp35m-win32.whl", hash = "sha256:1e37626bcb8895c4b3873fcfd54e9bfc5ffec8d0f525651d6985fcc5c6b6003c"},
    {file = "numpy-1.18.3-cp35-cp35m-win_amd64.whl", hash = "sha256:163c78c04f47f26ca1b21068cea25ed7c5ecafe5f5ab2ea4895656a750582b56"},
    {file = "numpy-1.18.3-cp36-cp36m-macosx_10_9_x86_64.whl", hash = "sha256:3d9e1554cd9b5999070c467b18e5ae3ebd7369f02706a8850816f576a954295f"},
    {file = "numpy-1.18.3-cp36-cp36m-manylinux1_i686.whl", hash = "sha256:40c24960cd5cec55222963f255858a1c47c6fa50a65a5b03fd7de75e3700eaaa"},
    {file = "numpy-1.18.3-cp36-cp36m-manylinux1_x86_64.whl", hash = "sha256:a551d8cc267c634774830086da42e4ba157fa41dd3b93982bc9501b284b0c689"},
    {file = "numpy-1.18.3-cp36-cp36m-win32.whl", hash = "sha256:0aa2b318cf81eb1693fcfcbb8007e95e231d7e1aa24288137f3b19905736c3ee"},
    {file = "numpy-1.18.3-cp36-cp36m-win_amd64.whl", hash = "sha256:a41f303b3f9157a31ce7203e3ca757a0c40c96669e72d9b6ee1bce8507638970"},
    {file = "numpy-1.18.3-cp37-cp37m-macosx_10_9_x86_64.whl", hash = "sha256:e607b8cdc2ae5d5a63cd1bec30a15b5ed583ac6a39f04b7ba0f03fcfbf29c05b"},
    {file = "numpy-1.18.3-cp37-cp37m-manylinux1_i686.whl", hash = "sha256:fdee7540d12519865b423af411bd60ddb513d2eb2cd921149b732854995bbf8b"},
    {file = "numpy-1.18.3-cp37-cp37m-manylinux1_x86_64.whl", hash = "sha256:6725d2797c65598778409aba8cd67077bb089d5b7d3d87c2719b206dc84ec05e"},
    {file = "numpy-1.18.3-cp37-cp37m-win32.whl", hash = "sha256:4847f0c993298b82fad809ea2916d857d0073dc17b0510fbbced663b3265929d"},
    {file = "numpy-1.18.3-cp37-cp37m-win_amd64.whl", hash = "sha256:46f404314dbec78cb342904f9596f25f9b16e7cf304030f1339e553c8e77f51c"},
    {file = "numpy-1.18.3-cp38-cp38-macosx_10_9_x86_64.whl", hash = "sha256:264fd15590b3f02a1fbc095e7e1f37cdac698ff3829e12ffdcffdce3772f9d44"},
    {file = "numpy-1.18.3-cp38-cp38-manylinux1_i686.whl", hash = "sha256:e94a39d5c40fffe7696009dbd11bc14a349b377e03a384ed011e03d698787dd3"},
    {file = "numpy-1.18.3-cp38-cp38-manylinux1_x86_64.whl", hash = "sha256:a4305564e93f5c4584f6758149fd446df39fd1e0a8c89ca0deb3cce56106a027"},
    {file = "numpy-1.18.3-cp38-cp38-win32.whl", hash = "sha256:99f0ba97e369f02a21bb95faa3a0de55991fd5f0ece2e30a9e2eaebeac238921"},
    {file = "numpy-1.18.3-cp38-cp38-win_amd64.whl", hash = "sha256:c60175d011a2e551a2f74c84e21e7c982489b96b6a5e4b030ecdeacf2914da68"},
    {file = "numpy-1.18.3.zip", hash = "sha256:e46e2384209c91996d5ec16744234d1c906ab79a701ce1a26155c9ec890b8dc8"},
]
oauthlib = [
    {file = "oauthlib-3.1.0-py2.py3-none-any.whl", hash = "sha256:df884cd6cbe20e32633f1db1072e9356f53638e4361bef4e8b03c9127c9328ea"},
    {file = "oauthlib-3.1.0.tar.gz", hash = "sha256:bee41cc35fcca6e988463cacc3bcb8a96224f470ca547e697b604cc697b2f889"},
]
protobuf = [
    {file = "protobuf-3.11.3-cp27-cp27m-macosx_10_9_x86_64.whl", hash = "sha256:ef2c2e56aaf9ee914d3dccc3408d42661aaf7d9bb78eaa8f17b2e6282f214481"},
    {file = "protobuf-3.11.3-cp27-cp27mu-manylinux1_x86_64.whl", hash = "sha256:dd9aa4401c36785ea1b6fff0552c674bdd1b641319cb07ed1fe2392388e9b0d7"},
    {file = "protobuf-3.11.3-cp35-cp35m-macosx_10_9_intel.whl", hash = "sha256:310a7aca6e7f257510d0c750364774034272538d51796ca31d42c3925d12a52a"},
    {file = "protobuf-3.11.3-cp35-cp35m-manylinux1_x86_64.whl", hash = "sha256:e512b7f3a4dd780f59f1bf22c302740e27b10b5c97e858a6061772668cd6f961"},
    {file = "protobuf-3.11.3-cp35-cp35m-win32.whl", hash = "sha256:fdfb6ad138dbbf92b5dbea3576d7c8ba7463173f7d2cb0ca1bd336ec88ddbd80"},
    {file = "protobuf-3.11.3-cp35-cp35m-win_amd64.whl", hash = "sha256:e2f8a75261c26b2f5f3442b0525d50fd79a71aeca04b5ec270fc123536188306"},
    {file = "protobuf-3.11.3-cp36-cp36m-macosx_10_9_x86_64.whl", hash = "sha256:c40973a0aee65422d8cb4e7d7cbded95dfeee0199caab54d5ab25b63bce8135a"},
    {file = "protobuf-3.11.3-cp36-cp36m-manylinux1_x86_64.whl", hash = "sha256:adf0e4d57b33881d0c63bb11e7f9038f98ee0c3e334c221f0858f826e8fb0151"},
    {file = "protobuf-3.11.3-cp36-cp36m-win32.whl", hash = "sha256:0bae429443cc4748be2aadfdaf9633297cfaeb24a9a02d0ab15849175ce90fab"},
    {file = "protobuf-3.11.3-cp36-cp36m-win_amd64.whl", hash = "sha256:e11df1ac6905e81b815ab6fd518e79be0a58b5dc427a2cf7208980f30694b956"},
    {file = "protobuf-3.11.3-cp37-cp37m-macosx_10_9_x86_64.whl", hash = "sha256:7774bbbaac81d3ba86de646c39f154afc8156717972bf0450c9dbfa1dc8dbea2"},
    {file = "protobuf-3.11.3-cp37-cp37m-manylinux1_x86_64.whl", hash = "sha256:8eb9c93798b904f141d9de36a0ba9f9b73cc382869e67c9e642c0aba53b0fc07"},
    {file = "protobuf-3.11.3-cp37-cp37m-win32.whl", hash = "sha256:fac513a9dc2a74b99abd2e17109b53945e364649ca03d9f7a0b96aa8d1807d0a"},
    {file = "protobuf-3.11.3-cp37-cp37m-win_amd64.whl", hash = "sha256:82d7ac987715d8d1eb4068bf997f3053468e0ce0287e2729c30601feb6602fee"},
    {file = "protobuf-3.11.3-cp38-cp38-macosx_10_9_x86_64.whl", hash = "sha256:73152776dc75f335c476d11d52ec6f0f6925774802cd48d6189f4d5d7fe753f4"},
    {file = "protobuf-3.11.3-cp38-cp38-manylinux1_x86_64.whl", hash = "sha256:52e586072612c1eec18e1174f8e3bb19d08f075fc2e3f91d3b16c919078469d0"},
    {file = "protobuf-3.11.3-py2.7.egg", hash = "sha256:2affcaba328c4662f3bc3c0e9576ea107906b2c2b6422344cdad961734ff6b93"},
    {file = "protobuf-3.11.3-py2.py3-none-any.whl", hash = "sha256:24e3b6ad259544d717902777b33966a1a069208c885576254c112663e6a5bb0f"},
    {file = "protobuf-3.11.3.tar.gz", hash = "sha256:c77c974d1dadf246d789f6dad1c24426137c9091e930dbf50e0a29c1fcf00b1f"},
]
pyasn1 = [
    {file = "pyasn1-0.4.8-py2.4.egg", hash = "sha256:fec3e9d8e36808a28efb59b489e4528c10ad0f480e57dcc32b4de5c9d8c9fdf3"},
    {file = "pyasn1-0.4.8-py2.5.egg", hash = "sha256:0458773cfe65b153891ac249bcf1b5f8f320b7c2ce462151f8fa74de8934becf"},
    {file = "pyasn1-0.4.8-py2.6.egg", hash = "sha256:5c9414dcfede6e441f7e8f81b43b34e834731003427e5b09e4e00e3172a10f00"},
    {file = "pyasn1-0.4.8-py2.7.egg", hash = "sha256:6e7545f1a61025a4e58bb336952c5061697da694db1cae97b116e9c46abcf7c8"},
    {file = "pyasn1-0.4.8-py2.py3-none-any.whl", hash = "sha256:39c7e2ec30515947ff4e87fb6f456dfc6e84857d34be479c9d4a4ba4bf46aa5d"},
    {file = "pyasn1-0.4.8-py3.1.egg", hash = "sha256:78fa6da68ed2727915c4767bb386ab32cdba863caa7dbe473eaae45f9959da86"},
    {file = "pyasn1-0.4.8-py3.2.egg", hash = "sha256:08c3c53b75eaa48d71cf8c710312316392ed40899cb34710d092e96745a358b7"},
    {file = "pyasn1-0.4.8-py3.3.egg", hash = "sha256:03840c999ba71680a131cfaee6fab142e1ed9bbd9c693e285cc6aca0d555e576"},
    {file = "pyasn1-0.4.8-py3.4.egg", hash = "sha256:7ab8a544af125fb704feadb008c99a88805126fb525280b2270bb25cc1d78a12"},
    {file = "pyasn1-0.4.8-py3.5.egg", hash = "sha256:e89bf84b5437b532b0803ba5c9a5e054d21fec423a89952a74f87fa2c9b7bce2"},
    {file = "pyasn1-0.4.8-py3.6.egg", hash = "sha256:014c0e9976956a08139dc0712ae195324a75e142284d5f87f1a87ee1b068a359"},
    {file = "pyasn1-0.4.8-py3.7.egg", hash = "sha256:99fcc3c8d804d1bc6d9a099921e39d827026409a58f2a720dcdb89374ea0c776"},
    {file = "pyasn1-0.4.8.tar.gz", hash = "sha256:aef77c9fb94a3ac588e87841208bdec464471d9871bd5050a287cc9a475cd0ba"},
]
pyasn1-modules = [
    {file = "pyasn1-modules-0.2.8.tar.gz", hash = "sha256:905f84c712230b2c592c19470d3ca8d552de726050d1d1716282a1f6146be65e"},
    {file = "pyasn1_modules-0.2.8-py2.4.egg", hash = "sha256:0fe1b68d1e486a1ed5473f1302bd991c1611d319bba158e98b106ff86e1d7199"},
    {file = "pyasn1_modules-0.2.8-py2.5.egg", hash = "sha256:fe0644d9ab041506b62782e92b06b8c68cca799e1a9636ec398675459e031405"},
    {file = "pyasn1_modules-0.2.8-py2.6.egg", hash = "sha256:a99324196732f53093a84c4369c996713eb8c89d360a496b599fb1a9c47fc3eb"},
    {file = "pyasn1_modules-0.2.8-py2.7.egg", hash = "sha256:0845a5582f6a02bb3e1bde9ecfc4bfcae6ec3210dd270522fee602365430c3f8"},
    {file = "pyasn1_modules-0.2.8-py2.py3-none-any.whl", hash = "sha256:a50b808ffeb97cb3601dd25981f6b016cbb3d31fbf57a8b8a87428e6158d0c74"},
    {file = "pyasn1_modules-0.2.8-py3.1.egg", hash = "sha256:f39edd8c4ecaa4556e989147ebf219227e2cd2e8a43c7e7fcb1f1c18c5fd6a3d"},
    {file = "pyasn1_modules-0.2.8-py3.2.egg", hash = "sha256:b80486a6c77252ea3a3e9b1e360bc9cf28eaac41263d173c032581ad2f20fe45"},
    {file = "pyasn1_modules-0.2.8-py3.3.egg", hash = "sha256:65cebbaffc913f4fe9e4808735c95ea22d7a7775646ab690518c056784bc21b4"},
    {file = "pyasn1_modules-0.2.8-py3.4.egg", hash = "sha256:15b7c67fabc7fc240d87fb9aabf999cf82311a6d6fb2c70d00d3d0604878c811"},
    {file = "pyasn1_modules-0.2.8-py3.5.egg", hash = "sha256:426edb7a5e8879f1ec54a1864f16b882c2837bfd06eee62f2c982315ee2473ed"},
    {file = "pyasn1_modules-0.2.8-py3.6.egg", hash = "sha256:cbac4bc38d117f2a49aeedec4407d23e8866ea4ac27ff2cf7fb3e5b570df19e0"},
    {file = "pyasn1_modules-0.2.8-py3.7.egg", hash = "sha256:c29a5e5cc7a3f05926aff34e097e84f8589cd790ce0ed41b67aed6857b26aafd"},
]
pytorch-ignite = [
    {file = "pytorch-ignite-0.3.0.tar.gz", hash = "sha256:d39ec25cf592308d6c30bb10f1bc5038fc68ad20c8639750ac504d9e8b25074c"},
    {file = "pytorch_ignite-0.3.0-py2.py3-none-any.whl", hash = "sha256:bea739029fa96059ee36ab3376a99fdd3930d7ad94151c6eef04d2b91bd217bd"},
    {file = "pytorch_ignite-0.3.0-py3.6.egg", hash = "sha256:bd815dc57d81c860363faa74bbd574a3ac55aa5c5bdeadf58bbd50fd74c1a5ac"},
]
requests = [
    {file = "requests-2.23.0-py2.py3-none-any.whl", hash = "sha256:43999036bfa82904b6af1d99e4882b560e5e2c68e5c4b0aa03b655f3d7d73fee"},
    {file = "requests-2.23.0.tar.gz", hash = "sha256:b3f43d496c6daba4493e7c431722aeb7dbc6288f52a6e04e7b6023b0247817e6"},
]
requests-oauthlib = [
    {file = "requests-oauthlib-1.3.0.tar.gz", hash = "sha256:b4261601a71fd721a8bd6d7aa1cc1d6a8a93b4a9f5e96626f8e4d91e8beeaa6a"},
    {file = "requests_oauthlib-1.3.0-py2.py3-none-any.whl", hash = "sha256:7f71572defaecd16372f9006f33c2ec8c077c3cfa6f5911a9a90202beb513f3d"},
    {file = "requests_oauthlib-1.3.0-py3.7.egg", hash = "sha256:fa6c47b933f01060936d87ae9327fead68768b69c6c9ea2109c48be30f2d4dbc"},
]
rsa = [
    {file = "rsa-4.0-py2.py3-none-any.whl", hash = "sha256:14ba45700ff1ec9eeb206a2ce76b32814958a98e372006c8fb76ba820211be66"},
    {file = "rsa-4.0.tar.gz", hash = "sha256:1a836406405730121ae9823e19c6e806c62bbad73f890574fff50efa4122c487"},
]
sentencepiece = [
    {file = "sentencepiece-0.1.86-cp27-cp27m-macosx_10_6_x86_64.whl", hash = "sha256:212ac571d3d9155783437af749df872e156811cacda3760e8a0664f2b2a3e980"},
    {file = "sentencepiece-0.1.86-cp27-cp27m-manylinux1_i686.whl", hash = "sha256:179439b9490e0f8e8dd6b18746b7af1ccd890d7eb4ed19a5f7dca0e6e7d973a4"},
    {file = "sentencepiece-0.1.86-cp27-cp27m-manylinux1_x86_64.whl", hash = "sha256:97eb1834d5e444a9980e6c5677a4f8245468fdff5fcc4442c43f8e325850d405"},
    {file = "sentencepiece-0.1.86-cp27-cp27mu-manylinux1_i686.whl", hash = "sha256:8174361843c3fa27ba63e94afecb1a538d5991f137f9b9981ed8cb0ea1e50371"},
    {file = "sentencepiece-0.1.86-cp27-cp27mu-manylinux1_x86_64.whl", hash = "sha256:861a16aa070e331fbdfc54d3fb451e3472f532008c1ae303359216860b2e9e24"},
    {file = "sentencepiece-0.1.86-cp35-cp35m-macosx_10_6_x86_64.whl", hash = "sha256:1c3bafabee08cd40178090508d3af89668e643acaddcec56cf076f3e4932dfd3"},
    {file = "sentencepiece-0.1.86-cp35-cp35m-manylinux1_i686.whl", hash = "sha256:fb48234fa370a35c8449ffd545570bcabdfdc005af8d4e5e066e9ff0a1610821"},
    {file = "sentencepiece-0.1.86-cp35-cp35m-manylinux1_x86_64.whl", hash = "sha256:58c2dd23128e017023808ce08cb65a9cb2f16abf5b9b4f0d581d4b244b4c3d2f"},
    {file = "sentencepiece-0.1.86-cp36-cp36m-macosx_10_6_x86_64.whl", hash = "sha256:2cb1744e7b497c23c4fc233fee781723fcce4de906ea564b68d67bfb60ed29e4"},
    {file = "sentencepiece-0.1.86-cp36-cp36m-manylinux1_i686.whl", hash = "sha256:681f901f8c351c85379d7924e3fbe6df053180253a675c19eb0370dd974bf7c0"},
    {file = "sentencepiece-0.1.86-cp36-cp36m-manylinux1_x86_64.whl", hash = "sha256:128b5fc22b8da39096577927b9737a3d48f237eb9fcc45b5350da901980638f3"},
    {file = "sentencepiece-0.1.86-cp36-cp36m-win32.whl", hash = "sha256:5beedea9fd34244b9e0277d70846dab22ae2294c14f59e9f5977894a32854772"},
    {file = "sentencepiece-0.1.86-cp36-cp36m-win_amd64.whl", hash = "sha256:aeaa4fad9a4098831f24d96cb70d387253dcf90f1b1595898264e74e8b5dc742"},
    {file = "sentencepiece-0.1.86-cp37-cp37m-macosx_10_6_x86_64.whl", hash = "sha256:91ae6e0083be525e2a2c2c18579125c39d5ae3d7678b7171676ae059ee0b72d2"},
    {file = "sentencepiece-0.1.86-cp37-cp37m-manylinux1_i686.whl", hash = "sha256:ba486f44af20b71d0edb3d5bbb1cda251fdd4f71d0913ef45d658f7383e184df"},
    {file = "sentencepiece-0.1.86-cp37-cp37m-manylinux1_x86_64.whl", hash = "sha256:062e304c8e65103c83796d27edbfc7fbe2fdd988aba8c999a62c069cbb96b5e5"},
    {file = "sentencepiece-0.1.86-cp37-cp37m-win32.whl", hash = "sha256:d8ead88269a00204b63e5fe5fac5c1f1859635e3884c0042f37481bd9b876f8b"},
    {file = "sentencepiece-0.1.86-cp37-cp37m-win_amd64.whl", hash = "sha256:5fe33f4d9ecf78fe78af41688680a5be8ded658ad16ebad62c05738d4e2c6e8d"},
    {file = "sentencepiece-0.1.86-cp38-cp38-macosx_10_6_x86_64.whl", hash = "sha256:465292e83116025d6b86438b140c572469c53cd5e62b8917abc3bda57d0c7f61"},
    {file = "sentencepiece-0.1.86-cp38-cp38-manylinux1_i686.whl", hash = "sha256:74c45e26b0c433d3fee28887d3b17b89f075872cc04989b75a84f289c686eb47"},
    {file = "sentencepiece-0.1.86-cp38-cp38-manylinux1_x86_64.whl", hash = "sha256:564059fc856dc871950b10332f4dab16a58bd3d1b6cf26796ea9bc70f1644476"},
    {file = "sentencepiece-0.1.86-cp38-cp38-win32.whl", hash = "sha256:9c97a5c26714cec7bbb9a4c702d9d133c255567e3d2a8580b8fb17ef6a34ff82"},
    {file = "sentencepiece-0.1.86-cp38-cp38-win_amd64.whl", hash = "sha256:bb46b1ac476b1ff4774215dbb65a50cdf6ecb8bb8f535a9e8d32e55e8dcf3ff6"},
    {file = "sentencepiece-0.1.86.tar.gz", hash = "sha256:842e1b6e227501c9383875ab952fd201cfcbb65682e99526136fc987ba3ec2e7"},
]
six = [
    {file = "six-1.14.0-py2.py3-none-any.whl", hash = "sha256:8f3cd2e254d8f793e7f3d6d9df77b92252b52637291d0f0da013c76ea2724b6c"},
    {file = "six-1.14.0.tar.gz", hash = "sha256:236bdbdce46e6e6a3d61a337c0f8b763ca1e8717c03b369e87a7ec7ce1319c0a"},
]
sortedcontainers = [
    {file = "sortedcontainers-2.1.0-py2.py3-none-any.whl", hash = "sha256:d9e96492dd51fae31e60837736b38fe42a187b5404c16606ff7ee7cd582d4c60"},
    {file = "sortedcontainers-2.1.0.tar.gz", hash = "sha256:974e9a32f56b17c1bac2aebd9dcf197f3eb9cd30553c5852a3187ad162e1a03a"},
]
SudachiDict_core = []
sudachipy = [
    {file = "SudachiPy-0.4.4-py3-none-any.whl", hash = "sha256:e82cd3c37db4f938108a4a9af650c211e647eb81cbbed2baca12c82613b88148"},
    {file = "SudachiPy-0.4.4.tar.gz", hash = "sha256:1c2ef0754206674ff51426858d095c498fe7da9b647f9c927ff58b1bec0a5c5f"},
]
tensorboard = [
    {file = "tensorboard-2.2.1-py3-none-any.whl", hash = "sha256:9a2a2dc9856187679e93f3c95e5dc771dd47e3257db09767b4be118d734b4dc2"},
]
tensorboard-plugin-wit = [
    {file = "tensorboard_plugin_wit-1.6.0.post3-py2-none-any.whl", hash = "sha256:243f117d117f9e81a21dc64b602b2bcb256ca5ba038867b96022d02271b17106"},
    {file = "tensorboard_plugin_wit-1.6.0.post3-py3-none-any.whl", hash = "sha256:1fdf4ac343f1665453205aef8bb227b0204893bb5ffb792d2ed4509b1daf3d4f"},
]
torch = [
    {file = "torch-1.4.0-cp27-cp27m-manylinux1_x86_64.whl", hash = "sha256:271d4d1e44df6ed57c530f8849b028447c62b8a19b8e8740dd9baa56e7f682c1"},
    {file = "torch-1.4.0-cp27-cp27mu-manylinux1_x86_64.whl", hash = "sha256:6f2fd9eb8c7eaf38a982ab266dbbfba0f29fb643bc74e677d045d6f2595e4692"},
    {file = "torch-1.4.0-cp27-none-macosx_10_7_x86_64.whl", hash = "sha256:30ce089475b287a37d6fbb8d71853e672edaf66699e3dd2eb19be6ce6296732a"},
    {file = "torch-1.4.0-cp35-cp35m-manylinux1_x86_64.whl", hash = "sha256:54d06a0e8ee85e5a437c24f4af9f4196c819294c23ffb5914e177756f55f1829"},
    {file = "torch-1.4.0-cp35-none-macosx_10_6_x86_64.whl", hash = "sha256:bb1e87063661414e1149bef2e3a2499ce0b5060290799d7e26bc5578037075ba"},
    {file = "torch-1.4.0-cp36-cp36m-manylinux1_x86_64.whl", hash = "sha256:8856f334aa9ecb742c1504bd2563d0ffb8dceb97149c8d72a04afa357f667dbc"},
    {file = "torch-1.4.0-cp36-none-macosx_10_9_x86_64.whl", hash = "sha256:9a1b1db73d8dcfd94b2eee24b939368742aa85f1217c55b8f5681e76c581e99a"},
    {file = "torch-1.4.0-cp37-cp37m-manylinux1_x86_64.whl", hash = "sha256:8fff03bf7b474c16e4b50da65ea14200cc64553b67b9b2307f9dc7e8c69b9d28"},
    {file = "torch-1.4.0-cp37-none-macosx_10_9_x86_64.whl", hash = "sha256:405b9eb40e44037d2525b3ddb5bc4c66b519cd742bff249d4207d23f83e88ea5"},
    {file = "torch-1.4.0-cp38-cp38-manylinux1_x86_64.whl", hash = "sha256:504915c6bc6051ba6a4c2a43c446463dff04411e352f1e26fe13debeae431778"},
    {file = "torch-1.4.0-cp38-none-macosx_10_9_x86_64.whl", hash = "sha256:d7b34a78f021935ad727a3bede56a8a8d4fda0b0272314a04c5f6890bbe7bb29"},
]
urllib3 = [
    {file = "urllib3-1.25.9-py2.py3-none-any.whl", hash = "sha256:88206b0eb87e6d677d424843ac5209e3fb9d0190d0ee169599165ec25e9d9115"},
    {file = "urllib3-1.25.9.tar.gz", hash = "sha256:3018294ebefce6572a474f0604c2021e33b3fd8006ecd11d62107a5d2a963527"},
]
werkzeug = [
    {file = "Werkzeug-1.0.1-py2.py3-none-any.whl", hash = "sha256:2de2a5db0baeae7b2d2664949077c2ac63fbd16d98da0ff71837f7d1dea3fd43"},
    {file = "Werkzeug-1.0.1.tar.gz", hash = "sha256:6c80b1e5ad3665290ea39320b91e1be1e0d5f60652b964a3070216de83d2e47c"},
]
wheel = [
    {file = "wheel-0.34.2-py2.py3-none-any.whl", hash = "sha256:df277cb51e61359aba502208d680f90c0493adec6f0e848af94948778aed386e"},
    {file = "wheel-0.34.2.tar.gz", hash = "sha256:8788e9155fe14f54164c1b9eb0a319d98ef02c160725587ad60f14ddc57b6f96"},
]
